
Microsoft Visual Studio Solution File, Format Version 12.00
# Visual Studio Version 17
VisualStudioVersion = 17.9.34723.18
MinimumVisualStudioVersion = 10.0.40219.1
Project("{8BC9CEB8-8B4A-11D0-8D11-00A0C91BC942}") = "SysCall_Inject", "SysCall_Inject.vcxproj", "{03DED15F-EDCA-4DF8-B406-7262C14E5CDF}"
EndProject
Global
	GlobalSection(SolutionConfigurationPlatforms) = preSolution
		Debug|x64 = Debug|x64
		Debug|x86 = Debug|x86
		Release|x64 = Release|x64
		Release|x86 = Release|x86
	EndGlobalSection
	GlobalSection(ProjectConfigurationPlatforms) = postSolution
		{03DED15F-EDCA-4DF8-B406-7262C14E5CDF}.Debug|x64.ActiveCfg = Debug|x64
		{03DED15F-EDCA-4DF8-B406-7262C14E5CDF}.Debug|x64.Build.0 = Debug|x64
		{03DED15F-EDCA-4DF8-B406-7262C14E5CDF}.Debug|x86.ActiveCfg = Debug|Win32
		{03DED15F-EDCA-4DF8-B406-7262C14E5CDF}.Debug|x86.Build.0 = Debug|Win32
		{03DED15F-EDCA-4DF8-B406-7262C14E5CDF}.Release|x64.ActiveCfg = Release|x64
		{03DED15F-EDCA-4DF8-B406-7262C14E5CDF}.Release|x64.Build.0 = Release|x64
		{03DED15F-EDCA-4DF8-B406-7262C14E5CDF}.Release|x86.ActiveCfg = Release|Win32
		{03DED15F-EDCA-4DF8-B406-7262C14E5CDF}.Release|x86.Build.0 = Release|Win32
	EndGlobalSection
	GlobalSection(SolutionProperties) = preSolution
		HideSolutionNode = FALSE
	EndGlobalSection
	GlobalSection(ExtensibilityGlobals) = postSolution
		SolutionGuid = {5A38F9FE-DF78-4874-83CB-31B383926ED6}
	EndGlobalSection
EndGlobal
